
Microsoft Visual Studio Solution File, Format Version 12.00
# Visual Studio Version 17
VisualStudioVersion = 17.6.33723.286
MinimumVisualStudioVersion = 10.0.40219.1
Project("{2150E333-8FDC-42A3-9474-1A3956D46DE8}") = "Gateway", "Gateway", "{0E1CA017-F2DE-4C38-A668-0787EDEEFC6D}"
EndProject
Project("{2150E333-8FDC-42A3-9474-1A3956D46DE8}") = "Integration", "Integration", "{416F7130-2FBB-4301-A81A-C2A1CE3F4A15}"
EndProject
Project("{2150E333-8FDC-42A3-9474-1A3956D46DE8}") = "Services", "Services", "{1AB32E93-1221-4776-BF9B-D1F0C75754B4}"
EndProject
Project("{9A19103F-16F7-4668-BE54-9A1E7A4F7556}") = "MainMarket.Services.CouponAPI", "MainMarket.Services.CouponAPI\MainMarket.Services.CouponAPI.csproj", "{A89E8257-9546-43F3-ABE3-D26B048732B6}"
EndProject
Project("{9A19103F-16F7-4668-BE54-9A1E7A4F7556}") = "MainMarket.Web", "MainMarket.Web\MainMarket.Web.csproj", "{BF3DC346-2A7F-4907-B6BF-1272355FB0E7}"
EndProject
Project("{9A19103F-16F7-4668-BE54-9A1E7A4F7556}") = "MainMarket.AuthAPI", "MainMarket.AuthAPI\MainMarket.AuthAPI.csproj", "{043A2BE9-87EE-4E2F-B791-63864C4638F3}"
EndProject
Project("{2150E333-8FDC-42A3-9474-1A3956D46DE8}") = "FrontEnd", "FrontEnd", "{45E2056C-1E15-4C28-947E-A731D714F9CD}"
EndProject
Project("{9A19103F-16F7-4668-BE54-9A1E7A4F7556}") = "MainMarket.Services.ProductAPI", "MainMarket.Services.ProductAPI\MainMarket.Services.ProductAPI.csproj", "{597AC15C-060E-470E-A4E8-E37723E0FB59}"
EndProject
Project("{9A19103F-16F7-4668-BE54-9A1E7A4F7556}") = "MainMarket.Services.CartAPI", "MainMarket.Services.CartAPI\MainMarket.Services.CartAPI.csproj", "{70249F1E-32B2-4D81-AB0E-A8BD23553851}"
EndProject
Project("{9A19103F-16F7-4668-BE54-9A1E7A4F7556}") = "MainMarket.Services.OrderAPI", "MainMarket.Services.OrderAPI\MainMarket.Services.OrderAPI.csproj", "{F2904238-0B48-4BA5-B8BD-476F3AC67B5D}"
EndProject
Project("{9A19103F-16F7-4668-BE54-9A1E7A4F7556}") = "MainMarket.Services.NotificationAPI", "MainMarket.Services.NotificationAPI\MainMarket.Services.NotificationAPI.csproj", "{A062A34F-4143-4560-8E65-0ECB521B01E2}"
EndProject
Project("{9A19103F-16F7-4668-BE54-9A1E7A4F7556}") = "MainMarket.Services.MediaAPI", "MainMarket.Services.MediaAPI\MainMarket.Services.MediaAPI.csproj", "{B29B8C8C-6526-4DC7-A396-523D4F7E68ED}"
EndProject
Project("{9A19103F-16F7-4668-BE54-9A1E7A4F7556}") = "MainMarket.Services.PaymentAPI", "MainMarket.Services.PaymentAPI\MainMarket.Services.PaymentAPI.csproj", "{0129DD32-59B0-4596-9479-E08DB1C7D5C4}"
EndProject
Project("{FAE04EC0-301F-11D3-BF4B-00C04F79EFBC}") = "MainMarket.Gateway", "MainMarket.Gateway\MainMarket.Gateway.csproj", "{9D33AC35-F554-4506-AC42-437A4021FC7D}"
EndProject
Global
	GlobalSection(SolutionConfigurationPlatforms) = preSolution
		Debug|Any CPU = Debug|Any CPU
		Release|Any CPU = Release|Any CPU
	EndGlobalSection
	GlobalSection(ProjectConfigurationPlatforms) = postSolution
		{A89E8257-9546-43F3-ABE3-D26B048732B6}.Debug|Any CPU.ActiveCfg = Debug|Any CPU
		{A89E8257-9546-43F3-ABE3-D26B048732B6}.Debug|Any CPU.Build.0 = Debug|Any CPU
		{A89E8257-9546-43F3-ABE3-D26B048732B6}.Release|Any CPU.ActiveCfg = Release|Any CPU
		{A89E8257-9546-43F3-ABE3-D26B048732B6}.Release|Any CPU.Build.0 = Release|Any CPU
		{BF3DC346-2A7F-4907-B6BF-1272355FB0E7}.Debug|Any CPU.ActiveCfg = Debug|Any CPU
		{BF3DC346-2A7F-4907-B6BF-1272355FB0E7}.Debug|Any CPU.Build.0 = Debug|Any CPU
		{BF3DC346-2A7F-4907-B6BF-1272355FB0E7}.Release|Any CPU.ActiveCfg = Release|Any CPU
		{BF3DC346-2A7F-4907-B6BF-1272355FB0E7}.Release|Any CPU.Build.0 = Release|Any CPU
		{043A2BE9-87EE-4E2F-B791-63864C4638F3}.Debug|Any CPU.ActiveCfg = Debug|Any CPU
		{043A2BE9-87EE-4E2F-B791-63864C4638F3}.Debug|Any CPU.Build.0 = Debug|Any CPU
		{043A2BE9-87EE-4E2F-B791-63864C4638F3}.Release|Any CPU.ActiveCfg = Release|Any CPU
		{043A2BE9-87EE-4E2F-B791-63864C4638F3}.Release|Any CPU.Build.0 = Release|Any CPU
		{597AC15C-060E-470E-A4E8-E37723E0FB59}.Debug|Any CPU.ActiveCfg = Debug|Any CPU
		{597AC15C-060E-470E-A4E8-E37723E0FB59}.Debug|Any CPU.Build.0 = Debug|Any CPU
		{597AC15C-060E-470E-A4E8-E37723E0FB59}.Release|Any CPU.ActiveCfg = Release|Any CPU
		{597AC15C-060E-470E-A4E8-E37723E0FB59}.Release|Any CPU.Build.0 = Release|Any CPU
		{70249F1E-32B2-4D81-AB0E-A8BD23553851}.Debug|Any CPU.ActiveCfg = Debug|Any CPU
		{70249F1E-32B2-4D81-AB0E-A8BD23553851}.Debug|Any CPU.Build.0 = Debug|Any CPU
		{70249F1E-32B2-4D81-AB0E-A8BD23553851}.Release|Any CPU.ActiveCfg = Release|Any CPU
		{70249F1E-32B2-4D81-AB0E-A8BD23553851}.Release|Any CPU.Build.0 = Release|Any CPU
		{F2904238-0B48-4BA5-B8BD-476F3AC67B5D}.Debug|Any CPU.ActiveCfg = Debug|Any CPU
		{F2904238-0B48-4BA5-B8BD-476F3AC67B5D}.Debug|Any CPU.Build.0 = Debug|Any CPU
		{F2904238-0B48-4BA5-B8BD-476F3AC67B5D}.Release|Any CPU.ActiveCfg = Release|Any CPU
		{F2904238-0B48-4BA5-B8BD-476F3AC67B5D}.Release|Any CPU.Build.0 = Release|Any CPU
		{A062A34F-4143-4560-8E65-0ECB521B01E2}.Debug|Any CPU.ActiveCfg = Debug|Any CPU
		{A062A34F-4143-4560-8E65-0ECB521B01E2}.Debug|Any CPU.Build.0 = Debug|Any CPU
		{A062A34F-4143-4560-8E65-0ECB521B01E2}.Release|Any CPU.ActiveCfg = Release|Any CPU
		{A062A34F-4143-4560-8E65-0ECB521B01E2}.Release|Any CPU.Build.0 = Release|Any CPU
		{B29B8C8C-6526-4DC7-A396-523D4F7E68ED}.Debug|Any CPU.ActiveCfg = Debug|Any CPU
		{B29B8C8C-6526-4DC7-A396-523D4F7E68ED}.Debug|Any CPU.Build.0 = Debug|Any CPU
		{B29B8C8C-6526-4DC7-A396-523D4F7E68ED}.Release|Any CPU.ActiveCfg = Release|Any CPU
		{B29B8C8C-6526-4DC7-A396-523D4F7E68ED}.Release|Any CPU.Build.0 = Release|Any CPU
		{0129DD32-59B0-4596-9479-E08DB1C7D5C4}.Debug|Any CPU.ActiveCfg = Debug|Any CPU
		{0129DD32-59B0-4596-9479-E08DB1C7D5C4}.Debug|Any CPU.Build.0 = Debug|Any CPU
		{0129DD32-59B0-4596-9479-E08DB1C7D5C4}.Release|Any CPU.ActiveCfg = Release|Any CPU
		{0129DD32-59B0-4596-9479-E08DB1C7D5C4}.Release|Any CPU.Build.0 = Release|Any CPU
		{9D33AC35-F554-4506-AC42-437A4021FC7D}.Debug|Any CPU.ActiveCfg = Debug|Any CPU
		{9D33AC35-F554-4506-AC42-437A4021FC7D}.Debug|Any CPU.Build.0 = Debug|Any CPU
		{9D33AC35-F554-4506-AC42-437A4021FC7D}.Release|Any CPU.ActiveCfg = Release|Any CPU
		{9D33AC35-F554-4506-AC42-437A4021FC7D}.Release|Any CPU.Build.0 = Release|Any CPU
	EndGlobalSection
	GlobalSection(SolutionProperties) = preSolution
		HideSolutionNode = FALSE
	EndGlobalSection
	GlobalSection(NestedProjects) = preSolution
		{A89E8257-9546-43F3-ABE3-D26B048732B6} = {1AB32E93-1221-4776-BF9B-D1F0C75754B4}
		{BF3DC346-2A7F-4907-B6BF-1272355FB0E7} = {45E2056C-1E15-4C28-947E-A731D714F9CD}
		{043A2BE9-87EE-4E2F-B791-63864C4638F3} = {1AB32E93-1221-4776-BF9B-D1F0C75754B4}
		{597AC15C-060E-470E-A4E8-E37723E0FB59} = {1AB32E93-1221-4776-BF9B-D1F0C75754B4}
		{70249F1E-32B2-4D81-AB0E-A8BD23553851} = {1AB32E93-1221-4776-BF9B-D1F0C75754B4}
		{F2904238-0B48-4BA5-B8BD-476F3AC67B5D} = {1AB32E93-1221-4776-BF9B-D1F0C75754B4}
		{A062A34F-4143-4560-8E65-0ECB521B01E2} = {1AB32E93-1221-4776-BF9B-D1F0C75754B4}
		{B29B8C8C-6526-4DC7-A396-523D4F7E68ED} = {1AB32E93-1221-4776-BF9B-D1F0C75754B4}
		{0129DD32-59B0-4596-9479-E08DB1C7D5C4} = {1AB32E93-1221-4776-BF9B-D1F0C75754B4}
		{9D33AC35-F554-4506-AC42-437A4021FC7D} = {0E1CA017-F2DE-4C38-A668-0787EDEEFC6D}
	EndGlobalSection
	GlobalSection(ExtensibilityGlobals) = postSolution
		SolutionGuid = {1DCF314E-FAD6-4F0A-9C7B-C5916B5E0B58}
	EndGlobalSection
EndGlobal
